github.com/asg017/sqlite-vec-go-bindings v0.1.6 h1:Nx0jAzyS38XpkKznJ9xQjFXz2X9tI7KqjwVxV8RNoww=
github.com/asg017/sqlite-vec-go-bindings v0.1.6/go.mod h1:A8+cTt/nKFsYCQF6OgzSNpKZrzNo5gQsXBTfsXHXY0Q=
github.com/ncruces/go-sqlite3 v0.20.0 h1:/nBLvYxj7sk9S6y57nmMFvoQ/KJtGo0pNi8J80s8oJU=
github.com/ncruces/go-sqlite3 v0.20.0/go.mod h1:yL4ZNWGsr1/8pcLfpPW1RT1WFdvyeHonrgIwwi4rvkg=
github.com/ncruces/julianday v1.0.0 h1:fH0OKwa7NWvniGQtxdJRxAgkBMolni2BjDHaWTxqt7M=
github.com/ncruces/julianday v1.0.0/go.mod h1:Dusn2KvZrrovOMJuOt0TNXL6tB7U2E8kvza5fFc9G7g=
github.com/tetratelabs/wazero v1.8.1 h1:NrcgVbWfkWvVc4UtT4LRLDf91PsOzDzefMdwhLfA550=
github.com/tetratelabs/wazero v1.8.1/go.mod h1:yAI0XTsMBhREkM/YDAK/zNou3GoiAce1P6+rp/wQhjs=
golang.org/x/sys v0.45.0 h1:dO4czNzziLiiXplLQgBCEpCvXQ3dnkn0SdaZSYdQ+FY=
golang.org/x/sys v0.45.0/go.mod h1:4GL1E5IUh+htKOUEOaiffhrAeqysfVGipDYzABqnCmw=
golang.org/x/text v0.19.0 h1:kTxAhCbGbxhK0IwgSKiMO5awPoDQ0RpfiVYBfK860YM=
golang.org/x/text v0.19.0/go.mod h1:BuEKDfySbSR4drPmRPG/7iBdf8hvFMuRexcpahXilzY=
