github.com/asg017/sqlite-vec-go-bindings v0.1.6 h1:Nx0jAzyS38XpkKznJ9xQjFXz2X9tI7KqjwVxV8RNoww=
github.com/asg017/sqlite-vec-go-bindings v0.1.6/go.mod h1:A8+cTt/nKFsYCQF6OgzSNpKZrzNo5gQsXBTfsXHXY0Q=
github.com/coreos/go-oidc/v3 v3.18.0 h1:V9orjXynvu5wiC9SemFTWnG4F45v403aIcjWo0d41+A=
github.com/coreos/go-oidc/v3 v3.18.0/go.mod h1:DYCf24+ncYi+XkIH97GY1+dqoRlbaSI26KVTCI9SrY4=
github.com/go-jose/go-jose/v4 v4.1.4 h1:moDMcTHmvE6Groj34emNPLs/qtYXRVcd6S7NHbHz3kA=
github.com/go-jose/go-jose/v4 v4.1.4/go.mod h1:x4oUasVrzR7071A4TnHLGSPpNOm2a21K9Kf04k1rs08=
github.com/ncruces/go-sqlite3 v0.20.0 h1:/nBLvYxj7sk9S6y57nmMFvoQ/KJtGo0pNi8J80s8oJU=
github.com/ncruces/go-sqlite3 v0.20.0/go.mod h1:yL4ZNWGsr1/8pcLfpPW1RT1WFdvyeHonrgIwwi4rvkg=
github.com/ncruces/julianday v1.0.0 h1:fH0OKwa7NWvniGQtxdJRxAgkBMolni2BjDHaWTxqt7M=
github.com/ncruces/julianday v1.0.0/go.mod h1:Dusn2KvZrrovOMJuOt0TNXL6tB7U2E8kvza5fFc9G7g=
github.com/tetratelabs/wazero v1.8.2 h1:yIgLR/b2bN31bjxwXHD8a3d+BogigR952csSDdLYEv4=
github.com/tetratelabs/wazero v1.8.2/go.mod h1:yAI0XTsMBhREkM/YDAK/zNou3GoiAce1P6+rp/wQhjs=
golang.org/x/oauth2 v0.36.0 h1:peZ/1z27fi9hUOFCAZaHyrpWG5lwe0RJEEEeH0ThlIs=
golang.org/x/oauth2 v0.36.0/go.mod h1:YDBUJMTkDnJS+A4BP4eZBjCqtokkg1hODuPjwiGPO7Q=
golang.org/x/sys v0.45.0 h1:dO4czNzziLiiXplLQgBCEpCvXQ3dnkn0SdaZSYdQ+FY=
golang.org/x/sys v0.45.0/go.mod h1:4GL1E5IUh+htKOUEOaiffhrAeqysfVGipDYzABqnCmw=
golang.org/x/text v0.19.0 h1:kTxAhCbGbxhK0IwgSKiMO5awPoDQ0RpfiVYBfK860YM=
golang.org/x/text v0.19.0/go.mod h1:BuEKDfySbSR4drPmRPG/7iBdf8hvFMuRexcpahXilzY=
